
Microsoft Visual Studio Solution File, Format Version 12.00
# Visual Studio Version 17
VisualStudioVersion = 17.1.32407.343
MinimumVisualStudioVersion = 10.0.40219.1
Project("{9A19103F-16F7-4668-BE54-9A1E7A4F7556}") = "simplex1", "simplex1.csproj", "{04251B1F-A565-4B66-8ABF-F00B27AF7C89}"
EndProject
Project("{FAE04EC0-301F-11D3-BF4B-00C04F79EFBC}") = "SimplexTest1", "..\SimplexTest1\SimplexTest1.csproj", "{206A542A-B46C-423B-BFAB-1FD45AEBD096}"
EndProject
Global
	GlobalSection(SolutionConfigurationPlatforms) = preSolution
		Debug|Any CPU = Debug|Any CPU
		Release|Any CPU = Release|Any CPU
	EndGlobalSection
	GlobalSection(ProjectConfigurationPlatforms) = postSolution
		{04251B1F-A565-4B66-8ABF-F00B27AF7C89}.Debug|Any CPU.ActiveCfg = Debug|Any CPU
		{04251B1F-A565-4B66-8ABF-F00B27AF7C89}.Debug|Any CPU.Build.0 = Debug|Any CPU
		{04251B1F-A565-4B66-8ABF-F00B27AF7C89}.Release|Any CPU.ActiveCfg = Release|Any CPU
		{04251B1F-A565-4B66-8ABF-F00B27AF7C89}.Release|Any CPU.Build.0 = Release|Any CPU
		{206A542A-B46C-423B-BFAB-1FD45AEBD096}.Debug|Any CPU.ActiveCfg = Debug|Any CPU
		{206A542A-B46C-423B-BFAB-1FD45AEBD096}.Debug|Any CPU.Build.0 = Debug|Any CPU
		{206A542A-B46C-423B-BFAB-1FD45AEBD096}.Release|Any CPU.ActiveCfg = Release|Any CPU
		{206A542A-B46C-423B-BFAB-1FD45AEBD096}.Release|Any CPU.Build.0 = Release|Any CPU
	EndGlobalSection
	GlobalSection(SolutionProperties) = preSolution
		HideSolutionNode = FALSE
	EndGlobalSection
	GlobalSection(ExtensibilityGlobals) = postSolution
		SolutionGuid = {2646EB80-6C34-4109-909D-B0EA21385729}
	EndGlobalSection
EndGlobal
